
Microsoft Visual Studio Solution File, Format Version 12.00
Project("{FAE04EC0-301F-11D3-BF4B-00C04F79EFBC}") = "BackToSenderLogistic", "BackToSenderLogistic\BackToSenderLogistic.csproj", "{976A4750-83B9-4300-9CD4-79FA4866F95D}"
EndProject
Project("{FAE04EC0-301F-11D3-BF4B-00C04F79EFBC}") = "Functions", "Functions\Functions.csproj", "{CA3FF846-8D55-46D0-B7E0-2600D80CA6D7}"
EndProject
Project("{FAE04EC0-301F-11D3-BF4B-00C04F79EFBC}") = "Functions.Tests", "Functions.Tests\Functions.Tests.csproj", "{A72EF172-17A7-48E3-86A4-55DF35637BDC}"
EndProject
Global
	GlobalSection(SolutionConfigurationPlatforms) = preSolution
		Debug|Any CPU = Debug|Any CPU
		Release|Any CPU = Release|Any CPU
	EndGlobalSection
	GlobalSection(ProjectConfigurationPlatforms) = postSolution
		{976A4750-83B9-4300-9CD4-79FA4866F95D}.Debug|Any CPU.ActiveCfg = Debug|Any CPU
		{976A4750-83B9-4300-9CD4-79FA4866F95D}.Debug|Any CPU.Build.0 = Debug|Any CPU
		{976A4750-83B9-4300-9CD4-79FA4866F95D}.Release|Any CPU.ActiveCfg = Release|Any CPU
		{976A4750-83B9-4300-9CD4-79FA4866F95D}.Release|Any CPU.Build.0 = Release|Any CPU
		{CA3FF846-8D55-46D0-B7E0-2600D80CA6D7}.Debug|Any CPU.ActiveCfg = Debug|Any CPU
		{CA3FF846-8D55-46D0-B7E0-2600D80CA6D7}.Debug|Any CPU.Build.0 = Debug|Any CPU
		{CA3FF846-8D55-46D0-B7E0-2600D80CA6D7}.Release|Any CPU.ActiveCfg = Release|Any CPU
		{CA3FF846-8D55-46D0-B7E0-2600D80CA6D7}.Release|Any CPU.Build.0 = Release|Any CPU
		{A72EF172-17A7-48E3-86A4-55DF35637BDC}.Debug|Any CPU.ActiveCfg = Debug|Any CPU
		{A72EF172-17A7-48E3-86A4-55DF35637BDC}.Debug|Any CPU.Build.0 = Debug|Any CPU
		{A72EF172-17A7-48E3-86A4-55DF35637BDC}.Release|Any CPU.ActiveCfg = Release|Any CPU
		{A72EF172-17A7-48E3-86A4-55DF35637BDC}.Release|Any CPU.Build.0 = Release|Any CPU
	EndGlobalSection
EndGlobal
